// !$*UTF8*$!
{
	archiveVersion = 1;
	classes = {
	};
	objectVersion = 55;
	objects = {

/* Begin PBXBuildFile section */
		65BFC22B27CE7BCF00D5E99A /* AppDelegate.swift in Sources */ = {isa = PBXBuildFile; fileRef = 65BFC22A27CE7BCF00D5E99A /* AppDelegate.swift */; };
		65BFC22D27CE7BCF00D5E99A /* SceneDelegate.swift in Sources */ = {isa = PBXBuildFile; fileRef = 65BFC22C27CE7BCF00D5E99A /* SceneDelegate.swift */; };
		65BFC23427CE7BD200D5E99A /* Assets.xcassets in Resources */ = {isa = PBXBuildFile; fileRef = 65BFC23327CE7BD200D5E99A /* Assets.xcassets */; };
		65BFC23727CE7BD200D5E99A /* LaunchScreen.storyboard in Resources */ = {isa = PBXBuildFile; fileRef = 65BFC23527CE7BD200D5E99A /* LaunchScreen.storyboard */; };
		65BFC23F27CE7CC600D5E99A /* MovieListVC.swift in Sources */ = {isa = PBXBuildFile; fileRef = 65BFC23E27CE7CC600D5E99A /* MovieListVC.swift */; };
		65BFC24327CE883000D5E99A /* MSError.swift in Sources */ = {isa = PBXBuildFile; fileRef = 65BFC24227CE883000D5E99A /* MSError.swift */; };
		65BFC24627CE887700D5E99A /* NetworkManager.swift in Sources */ = {isa = PBXBuildFile; fileRef = 65BFC24527CE887700D5E99A /* NetworkManager.swift */; };
		65BFC24927CE88AB00D5E99A /* Results.swift in Sources */ = {isa = PBXBuildFile; fileRef = 65BFC24827CE88AB00D5E99A /* Results.swift */; };
		65BFC25027CE893800D5E99A /* MSAlertVC.swift in Sources */ = {isa = PBXBuildFile; fileRef = 65BFC24A27CE893800D5E99A /* MSAlertVC.swift */; };
		65BFC25127CE893800D5E99A /* MSButton.swift in Sources */ = {isa = PBXBuildFile; fileRef = 65BFC24B27CE893800D5E99A /* MSButton.swift */; };
		65BFC25227CE893800D5E99A /* MSTitleLabel.swift in Sources */ = {isa = PBXBuildFile; fileRef = 65BFC24C27CE893800D5E99A /* MSTitleLabel.swift */; };
		65BFC25327CE893800D5E99A /* MSPosterImageView.swift in Sources */ = {isa = PBXBuildFile; fileRef = 65BFC24D27CE893800D5E99A /* MSPosterImageView.swift */; };
		65BFC25527CE893800D5E99A /* MSCaptionLabel.swift in Sources */ = {isa = PBXBuildFile; fileRef = 65BFC24F27CE893800D5E99A /* MSCaptionLabel.swift */; };
		65BFC25827CE8A6500D5E99A /* UIViewController+Ext.swift in Sources */ = {isa = PBXBuildFile; fileRef = 65BFC25727CE8A6500D5E99A /* UIViewController+Ext.swift */; };
		65BFC25B27CE8BC400D5E99A /* MovieCell.swift in Sources */ = {isa = PBXBuildFile; fileRef = 65BFC25A27CE8BC400D5E99A /* MovieCell.swift */; };
		65BFC25D27CE96B500D5E99A /* UIHelper.swift in Sources */ = {isa = PBXBuildFile; fileRef = 65BFC25C27CE96B500D5E99A /* UIHelper.swift */; };
		65BFC26027D133AD00D5E99A /* MovieInfoVC.swift in Sources */ = {isa = PBXBuildFile; fileRef = 65BFC25F27D133AD00D5E99A /* MovieInfoVC.swift */; };
		65BFC26227D1C74300D5E99A /* Date+Ext.swift in Sources */ = {isa = PBXBuildFile; fileRef = 65BFC26127D1C74300D5E99A /* Date+Ext.swift */; };
		65BFC26427D1C79C00D5E99A /* String+Ext.swift in Sources */ = {isa = PBXBuildFile; fileRef = 65BFC26327D1C79C00D5E99A /* String+Ext.swift */; };
/* End PBXBuildFile section */

/* Begin PBXFileReference section */
		65BFC22727CE7BCF00D5E99A /* MarujoMovieSearcher.app */ = {isa = PBXFileReference; explicitFileType = wrapper.application; includeInIndex = 0; path = MarujoMovieSearcher.app; sourceTree = BUILT_PRODUCTS_DIR; };
		65BFC22A27CE7BCF00D5E99A /* AppDelegate.swift */ = {isa = PBXFileReference; lastKnownFileType = sourcecode.swift; path = AppDelegate.swift; sourceTree = "<group>"; };
		65BFC22C27CE7BCF00D5E99A /* SceneDelegate.swift */ = {isa = PBXFileReference; lastKnownFileType = sourcecode.swift; path = SceneDelegate.swift; sourceTree = "<group>"; };
		65BFC23327CE7BD200D5E99A /* Assets.xcassets */ = {isa = PBXFileReference; lastKnownFileType = folder.assetcatalog; path = Assets.xcassets; sourceTree = "<group>"; };
		65BFC23627CE7BD200D5E99A /* Base */ = {isa = PBXFileReference; lastKnownFileType = file.storyboard; name = Base; path = Base.lproj/LaunchScreen.storyboard; sourceTree = "<group>"; };
		65BFC23827CE7BD200D5E99A /* Info.plist */ = {isa = PBXFileReference; lastKnownFileType = text.plist.xml; path = Info.plist; sourceTree = "<group>"; };
		65BFC23E27CE7CC600D5E99A /* MovieListVC.swift */ = {isa = PBXFileReference; lastKnownFileType = sourcecode.swift; path = MovieListVC.swift; sourceTree = "<group>"; };
		65BFC24227CE883000D5E99A /* MSError.swift */ = {isa = PBXFileReference; fileEncoding = 4; lastKnownFileType = sourcecode.swift; path = MSError.swift; sourceTree = "<group>"; };
		65BFC24527CE887700D5E99A /* NetworkManager.swift */ = {isa = PBXFileReference; fileEncoding = 4; lastKnownFileType = sourcecode.swift; path = NetworkManager.swift; sourceTree = "<group>"; };
		65BFC24827CE88AB00D5E99A /* Results.swift */ = {isa = PBXFileReference; fileEncoding = 4; lastKnownFileType = sourcecode.swift; path = Results.swift; sourceTree = "<group>"; };
		65BFC24A27CE893800D5E99A /* MSAlertVC.swift */ = {isa = PBXFileReference; fileEncoding = 4; lastKnownFileType = sourcecode.swift; path = MSAlertVC.swift; sourceTree = "<group>"; };
		65BFC24B27CE893800D5E99A /* MSButton.swift */ = {isa = PBXFileReference; fileEncoding = 4; lastKnownFileType = sourcecode.swift; path = MSButton.swift; sourceTree = "<group>"; };
		65BFC24C27CE893800D5E99A /* MSTitleLabel.swift */ = {isa = PBXFileReference; fileEncoding = 4; lastKnownFileType = sourcecode.swift; path = MSTitleLabel.swift; sourceTree = "<group>"; };
		65BFC24D27CE893800D5E99A /* MSPosterImageView.swift */ = {isa = PBXFileReference; fileEncoding = 4; lastKnownFileType = sourcecode.swift; path = MSPosterImageView.swift; sourceTree = "<group>"; };
		65BFC24F27CE893800D5E99A /* MSCaptionLabel.swift */ = {isa = PBXFileReference; fileEncoding = 4; lastKnownFileType = sourcecode.swift; path = MSCaptionLabel.swift; sourceTree = "<group>"; };
		65BFC25727CE8A6500D5E99A /* UIViewController+Ext.swift */ = {isa = PBXFileReference; fileEncoding = 4; lastKnownFileType = sourcecode.swift; path = "UIViewController+Ext.swift"; sourceTree = "<group>"; };
		65BFC25A27CE8BC400D5E99A /* MovieCell.swift */ = {isa = PBXFileReference; fileEncoding = 4; lastKnownFileType = sourcecode.swift; path = MovieCell.swift; sourceTree = "<group>"; };
		65BFC25C27CE96B500D5E99A /* UIHelper.swift */ = {isa = PBXFileReference; lastKnownFileType = sourcecode.swift; path = UIHelper.swift; sourceTree = "<group>"; };
		65BFC25F27D133AD00D5E99A /* MovieInfoVC.swift */ = {isa = PBXFileReference; lastKnownFileType = sourcecode.swift; path = MovieInfoVC.swift; sourceTree = "<group>"; };
		65BFC26127D1C74300D5E99A /* Date+Ext.swift */ = {isa = PBXFileReference; lastKnownFileType = sourcecode.swift; path = "Date+Ext.swift"; sourceTree = "<group>"; };
		65BFC26327D1C79C00D5E99A /* String+Ext.swift */ = {isa = PBXFileReference; lastKnownFileType = sourcecode.swift; path = "String+Ext.swift"; sourceTree = "<group>"; };
/* End PBXFileReference section */

/* Begin PBXFrameworksBuildPhase section */
		65BFC22427CE7BCF00D5E99A /* Frameworks */ = {
			isa = PBXFrameworksBuildPhase;
			buildActionMask = 2147483647;
			files = (
			);
			runOnlyForDeploymentPostprocessing = 0;
		};
/* End PBXFrameworksBuildPhase section */

/* Begin PBXGroup section */
		65BFC21E27CE7BCF00D5E99A = {
			isa = PBXGroup;
			children = (
				65BFC22927CE7BCF00D5E99A /* MarujoMovieSearcher */,
				65BFC22827CE7BCF00D5E99A /* Products */,
			);
			sourceTree = "<group>";
		};
		65BFC22827CE7BCF00D5E99A /* Products */ = {
			isa = PBXGroup;
			children = (
				65BFC22727CE7BCF00D5E99A /* MarujoMovieSearcher.app */,
			);
			name = Products;
			sourceTree = "<group>";
		};
		65BFC22927CE7BCF00D5E99A /* MarujoMovieSearcher */ = {
			isa = PBXGroup;
			children = (
				65BFC25E27D1336900D5E99A /* Screens */,
				65BFC25627CE8A5400D5E99A /* Extensions */,
				65BFC24727CE889700D5E99A /* Model */,
				65BFC24427CE885F00D5E99A /* Managers */,
				65BFC24127CE881900D5E99A /* Utilities */,
				65BFC24027CE7DD000D5E99A /* Custom Views */,
				65BFC22A27CE7BCF00D5E99A /* AppDelegate.swift */,
				65BFC22C27CE7BCF00D5E99A /* SceneDelegate.swift */,
				65BFC23327CE7BD200D5E99A /* Assets.xcassets */,
				65BFC23527CE7BD200D5E99A /* LaunchScreen.storyboard */,
				65BFC23827CE7BD200D5E99A /* Info.plist */,
			);
			path = MarujoMovieSearcher;
			sourceTree = "<group>";
		};
		65BFC24027CE7DD000D5E99A /* Custom Views */ = {
			isa = PBXGroup;
			children = (
				65BFC25927CE8BB600D5E99A /* Cells */,
				65BFC24A27CE893800D5E99A /* MSAlertVC.swift */,
				65BFC24D27CE893800D5E99A /* MSPosterImageView.swift */,
				65BFC24F27CE893800D5E99A /* MSCaptionLabel.swift */,
				65BFC24B27CE893800D5E99A /* MSButton.swift */,
				65BFC24C27CE893800D5E99A /* MSTitleLabel.swift */,
			);
			path = "Custom Views";
			sourceTree = "<group>";
		};
		65BFC24127CE881900D5E99A /* Utilities */ = {
			isa = PBXGroup;
			children = (
				65BFC24227CE883000D5E99A /* MSError.swift */,
				65BFC25C27CE96B500D5E99A /* UIHelper.swift */,
			);
			path = Utilities;
			sourceTree = "<group>";
		};
		65BFC24427CE885F00D5E99A /* Managers */ = {
			isa = PBXGroup;
			children = (
				65BFC24527CE887700D5E99A /* NetworkManager.swift */,
			);
			path = Managers;
			sourceTree = "<group>";
		};
		65BFC24727CE889700D5E99A /* Model */ = {
			isa = PBXGroup;
			children = (
				65BFC24827CE88AB00D5E99A /* Results.swift */,
			);
			path = Model;
			sourceTree = "<group>";
		};
		65BFC25627CE8A5400D5E99A /* Extensions */ = {
			isa = PBXGroup;
			children = (
				65BFC25727CE8A6500D5E99A /* UIViewController+Ext.swift */,
				65BFC26127D1C74300D5E99A /* Date+Ext.swift */,
				65BFC26327D1C79C00D5E99A /* String+Ext.swift */,
			);
			path = Extensions;
			sourceTree = "<group>";
		};
		65BFC25927CE8BB600D5E99A /* Cells */ = {
			isa = PBXGroup;
			children = (
				65BFC25A27CE8BC400D5E99A /* MovieCell.swift */,
			);
			path = Cells;
			sourceTree = "<group>";
		};
		65BFC25E27D1336900D5E99A /* Screens */ = {
			isa = PBXGroup;
			children = (
				65BFC23E27CE7CC600D5E99A /* MovieListVC.swift */,
				65BFC25F27D133AD00D5E99A /* MovieInfoVC.swift */,
			);
			path = Screens;
			sourceTree = "<group>";
		};
/* End PBXGroup section */

/* Begin PBXNativeTarget section */
		65BFC22627CE7BCF00D5E99A /* MarujoMovieSearcher */ = {
			isa = PBXNativeTarget;
			buildConfigurationList = 65BFC23B27CE7BD200D5E99A /* Build configuration list for PBXNativeTarget "MarujoMovieSearcher" */;
			buildPhases = (
				65BFC22327CE7BCF00D5E99A /* Sources */,
				65BFC22427CE7BCF00D5E99A /* Frameworks */,
				65BFC22527CE7BCF00D5E99A /* Resources */,
			);
			buildRules = (
			);
			dependencies = (
			);
			name = MarujoMovieSearcher;
			productName = MarujoMovieSearcher;
			productReference = 65BFC22727CE7BCF00D5E99A /* MarujoMovieSearcher.app */;
			productType = "com.apple.product-type.application";
		};
/* End PBXNativeTarget section */

/* Begin PBXProject section */
		65BFC21F27CE7BCF00D5E99A /* Project object */ = {
			isa = PBXProject;
			attributes = {
				BuildIndependentTargetsInParallel = 1;
				LastSwiftUpdateCheck = 1320;
				LastUpgradeCheck = 1320;
				TargetAttributes = {
					65BFC22627CE7BCF00D5E99A = {
						CreatedOnToolsVersion = 13.2.1;
					};
				};
			};
			buildConfigurationList = 65BFC22227CE7BCF00D5E99A /* Build configuration list for PBXProject "MarujoMovieSearcher" */;
			compatibilityVersion = "Xcode 13.0";
			developmentRegion = en;
			hasScannedForEncodings = 0;
			knownRegions = (
				en,
				Base,
			);
			mainGroup = 65BFC21E27CE7BCF00D5E99A;
			productRefGroup = 65BFC22827CE7BCF00D5E99A /* Products */;
			projectDirPath = "";
			projectRoot = "";
			targets = (
				65BFC22627CE7BCF00D5E99A /* MarujoMovieSearcher */,
			);
		};
/* End PBXProject section */

/* Begin PBXResourcesBuildPhase section */
		65BFC22527CE7BCF00D5E99A /* Resources */ = {
			isa = PBXResourcesBuildPhase;
			buildActionMask = 2147483647;
			files = (
				65BFC23727CE7BD200D5E99A /* LaunchScreen.storyboard in Resources */,
				65BFC23427CE7BD200D5E99A /* Assets.xcassets in Resources */,
			);
			runOnlyForDeploymentPostprocessing = 0;
		};
/* End PBXResourcesBuildPhase section */

/* Begin PBXSourcesBuildPhase section */
		65BFC22327CE7BCF00D5E99A /* Sources */ = {
			isa = PBXSourcesBuildPhase;
			buildActionMask = 2147483647;
			files = (
				65BFC24927CE88AB00D5E99A /* Results.swift in Sources */,
				65BFC25027CE893800D5E99A /* MSAlertVC.swift in Sources */,
				65BFC25827CE8A6500D5E99A /* UIViewController+Ext.swift in Sources */,
				65BFC26427D1C79C00D5E99A /* String+Ext.swift in Sources */,
				65BFC26227D1C74300D5E99A /* Date+Ext.swift in Sources */,
				65BFC25127CE893800D5E99A /* MSButton.swift in Sources */,
				65BFC24327CE883000D5E99A /* MSError.swift in Sources */,
				65BFC22B27CE7BCF00D5E99A /* AppDelegate.swift in Sources */,
				65BFC24627CE887700D5E99A /* NetworkManager.swift in Sources */,
				65BFC25527CE893800D5E99A /* MSCaptionLabel.swift in Sources */,
				65BFC25327CE893800D5E99A /* MSPosterImageView.swift in Sources */,
				65BFC26027D133AD00D5E99A /* MovieInfoVC.swift in Sources */,
				65BFC25227CE893800D5E99A /* MSTitleLabel.swift in Sources */,
				65BFC22D27CE7BCF00D5E99A /* SceneDelegate.swift in Sources */,
				65BFC23F27CE7CC600D5E99A /* MovieListVC.swift in Sources */,
				65BFC25B27CE8BC400D5E99A /* MovieCell.swift in Sources */,
				65BFC25D27CE96B500D5E99A /* UIHelper.swift in Sources */,
			);
			runOnlyForDeploymentPostprocessing = 0;
		};
/* End PBXSourcesBuildPhase section */

/* Begin PBXVariantGroup section */
		65BFC23527CE7BD200D5E99A /* LaunchScreen.storyboard */ = {
			isa = PBXVariantGroup;
			children = (
				65BFC23627CE7BD200D5E99A /* Base */,
			);
			name = LaunchScreen.storyboard;
			sourceTree = "<group>";
		};
/* End PBXVariantGroup section */

/* Begin XCBuildConfiguration section */
		65BFC23927CE7BD200D5E99A /* Debug */ = {
			isa = XCBuildConfiguration;
			buildSettings = {
				ALWAYS_SEARCH_USER_PATHS = NO;
				CLANG_ANALYZER_NONNULL = YES;
				CLANG_ANALYZER_NUMBER_OBJECT_CONVERSION = YES_AGGRESSIVE;
				CLANG_CXX_LANGUAGE_STANDARD = "gnu++17";
				CLANG_CXX_LIBRARY = "libc++";
				CLANG_ENABLE_MODULES = YES;
				CLANG_ENABLE_OBJC_ARC = YES;
				CLANG_ENABLE_OBJC_WEAK = YES;
				CLANG_WARN_BLOCK_CAPTURE_AUTORELEASING = YES;
				CLANG_WARN_BOOL_CONVERSION = YES;
				CLANG_WARN_COMMA = YES;
				CLANG_WARN_CONSTANT_CONVERSION = YES;
				CLANG_WARN_DEPRECATED_OBJC_IMPLEMENTATIONS = YES;
				CLANG_WARN_DIRECT_OBJC_ISA_USAGE = YES_ERROR;
				CLANG_WARN_DOCUMENTATION_COMMENTS = YES;
				CLANG_WARN_EMPTY_BODY = YES;
				CLANG_WARN_ENUM_CONVERSION = YES;
				CLANG_WARN_INFINITE_RECURSION = YES;
				CLANG_WARN_INT_CONVERSION = YES;
				CLANG_WARN_NON_LITERAL_NULL_CONVERSION = YES;
				CLANG_WARN_OBJC_IMPLICIT_RETAIN_SELF = YES;
				CLANG_WARN_OBJC_LITERAL_CONVERSION = YES;
				CLANG_WARN_OBJC_ROOT_CLASS = YES_ERROR;
				CLANG_WARN_QUOTED_INCLUDE_IN_FRAMEWORK_HEADER = YES;
				CLANG_WARN_RANGE_LOOP_ANALYSIS = YES;
				CLANG_WARN_STRICT_PROTOTYPES = YES;
				CLANG_WARN_SUSPICIOUS_MOVE = YES;
				CLANG_WARN_UNGUARDED_AVAILABILITY = YES_AGGRESSIVE;
				CLANG_WARN_UNREACHABLE_CODE = YES;
				CLANG_WARN__DUPLICATE_METHOD_MATCH = YES;
				COPY_PHASE_STRIP = NO;
				DEBUG_INFORMATION_FORMAT = dwarf;
				ENABLE_STRICT_OBJC_MSGSEND = YES;
				ENABLE_TESTABILITY = YES;
				GCC_C_LANGUAGE_STANDARD = gnu11;
				GCC_DYNAMIC_NO_PIC = NO;
				GCC_NO_COMMON_BLOCKS = YES;
				GCC_OPTIMIZATION_LEVEL = 0;
				GCC_PREPROCESSOR_DEFINITIONS = (
					"DEBUG=1",
					"$(inherited)",
				);
				GCC_WARN_64_TO_32_BIT_CONVERSION = YES;
				GCC_WARN_ABOUT_RETURN_TYPE = YES_ERROR;
				GCC_WARN_UNDECLARED_SELECTOR = YES;
				GCC_WARN_UNINITIALIZED_AUTOS = YES_AGGRESSIVE;
				GCC_WARN_UNUSED_FUNCTION = YES;
				GCC_WARN_UNUSED_VARIABLE = YES;
				IPHONEOS_DEPLOYMENT_TARGET = 15.2;
				MTL_ENABLE_DEBUG_INFO = INCLUDE_SOURCE;
				MTL_FAST_MATH = YES;
				ONLY_ACTIVE_ARCH = YES;
				SDKROOT = iphoneos;
				SWIFT_ACTIVE_COMPILATION_CONDITIONS = DEBUG;
				SWIFT_OPTIMIZATION_LEVEL = "-Onone";
			};
			name = Debug;
		};
		65BFC23A27CE7BD200D5E99A /* Release */ = {
			isa = XCBuildConfiguration;
			buildSettings = {
				ALWAYS_SEARCH_USER_PATHS = NO;
				CLANG_ANALYZER_NONNULL = YES;
				CLANG_ANALYZER_NUMBER_OBJECT_CONVERSION = YES_AGGRESSIVE;
				CLANG_CXX_LANGUAGE_STANDARD = "gnu++17";
				CLANG_CXX_LIBRARY = "libc++";
				CLANG_ENABLE_MODULES = YES;
				CLANG_ENABLE_OBJC_ARC = YES;
				CLANG_ENABLE_OBJC_WEAK = YES;
				CLANG_WARN_BLOCK_CAPTURE_AUTORELEASING = YES;
				CLANG_WARN_BOOL_CONVERSION = YES;
				CLANG_WARN_COMMA = YES;
				CLANG_WARN_CONSTANT_CONVERSION = YES;
				CLANG_WARN_DEPRECATED_OBJC_IMPLEMENTATIONS = YES;
				CLANG_WARN_DIRECT_OBJC_ISA_USAGE = YES_ERROR;
				CLANG_WARN_DOCUMENTATION_COMMENTS = YES;
				CLANG_WARN_EMPTY_BODY = YES;
				CLANG_WARN_ENUM_CONVERSION = YES;
				CLANG_WARN_INFINITE_RECURSION = YES;
				CLANG_WARN_INT_CONVERSION = YES;
				CLANG_WARN_NON_LITERAL_NULL_CONVERSION = YES;
				CLANG_WARN_OBJC_IMPLICIT_RETAIN_SELF = YES;
				CLANG_WARN_OBJC_LITERAL_CONVERSION = YES;
				CLANG_WARN_OBJC_ROOT_CLASS = YES_ERROR;
				CLANG_WARN_QUOTED_INCLUDE_IN_FRAMEWORK_HEADER = YES;
				CLANG_WARN_RANGE_LOOP_ANALYSIS = YES;
				CLANG_WARN_STRICT_PROTOTYPES = YES;
				CLANG_WARN_SUSPICIOUS_MOVE = YES;
				CLANG_WARN_UNGUARDED_AVAILABILITY = YES_AGGRESSIVE;
				CLANG_WARN_UNREACHABLE_CODE = YES;
				CLANG_WARN__DUPLICATE_METHOD_MATCH = YES;
				COPY_PHASE_STRIP = NO;
				DEBUG_INFORMATION_FORMAT = "dwarf-with-dsym";
				ENABLE_NS_ASSERTIONS = NO;
				ENABLE_STRICT_OBJC_MSGSEND = YES;
				GCC_C_LANGUAGE_STANDARD = gnu11;
				GCC_NO_COMMON_BLOCKS = YES;
				GCC_WARN_64_TO_32_BIT_CONVERSION = YES;
				GCC_WARN_ABOUT_RETURN_TYPE = YES_ERROR;
				GCC_WARN_UNDECLARED_SELECTOR = YES;
				GCC_WARN_UNINITIALIZED_AUTOS = YES_AGGRESSIVE;
				GCC_WARN_UNUSED_FUNCTION = YES;
				GCC_WARN_UNUSED_VARIABLE = YES;
				IPHONEOS_DEPLOYMENT_TARGET = 15.2;
				MTL_ENABLE_DEBUG_INFO = NO;
				MTL_FAST_MATH = YES;
				SDKROOT = iphoneos;
				SWIFT_COMPILATION_MODE = wholemodule;
				SWIFT_OPTIMIZATION_LEVEL = "-O";
				VALIDATE_PRODUCT = YES;
			};
			name = Release;
		};
		65BFC23C27CE7BD200D5E99A /* Debug */ = {
			isa = XCBuildConfiguration;
			buildSettings = {
				ASSETCATALOG_COMPILER_APPICON_NAME = AppIcon;
				ASSETCATALOG_COMPILER_GLOBAL_ACCENT_COLOR_NAME = AccentColor;
				ASSETCATALOG_COMPILER_INCLUDE_ALL_APPICON_ASSETS = YES;
				CODE_SIGN_STYLE = Automatic;
				CURRENT_PROJECT_VERSION = 1;
				DEVELOPMENT_TEAM = 4SDK7XJD7U;
				GENERATE_INFOPLIST_FILE = YES;
				INFOPLIST_FILE = MarujoMovieSearcher/Info.plist;
				INFOPLIST_KEY_UIApplicationSupportsIndirectInputEvents = YES;
				INFOPLIST_KEY_UILaunchStoryboardName = LaunchScreen;
				INFOPLIST_KEY_UISupportedInterfaceOrientations_iPad = "UIInterfaceOrientationPortrait UIInterfaceOrientationPortraitUpsideDown UIInterfaceOrientationLandscapeLeft UIInterfaceOrientationLandscapeRight";
				INFOPLIST_KEY_UISupportedInterfaceOrientations_iPhone = "UIInterfaceOrientationPortrait UIInterfaceOrientationLandscapeLeft UIInterfaceOrientationLandscapeRight";
				LD_RUNPATH_SEARCH_PATHS = (
					"$(inherited)",
					"@executable_path/Frameworks",
				);
				MARKETING_VERSION = 1.0;
				PRODUCT_BUNDLE_IDENTIFIER = br.com.chavesdaniel.MarujoMovieSearcher;
				PRODUCT_NAME = "$(TARGET_NAME)";
				SWIFT_EMIT_LOC_STRINGS = YES;
				SWIFT_VERSION = 5.0;
				TARGETED_DEVICE_FAMILY = 1;
			};
			name = Debug;
		};
		65BFC23D27CE7BD200D5E99A /* Release */ = {
			isa = XCBuildConfiguration;
			buildSettings = {
				ASSETCATALOG_COMPILER_APPICON_NAME = AppIcon;
				ASSETCATALOG_COMPILER_GLOBAL_ACCENT_COLOR_NAME = AccentColor;
				ASSETCATALOG_COMPILER_INCLUDE_ALL_APPICON_ASSETS = YES;
				CODE_SIGN_STYLE = Automatic;
				CURRENT_PROJECT_VERSION = 1;
				DEVELOPMENT_TEAM = 4SDK7XJD7U;
				GENERATE_INFOPLIST_FILE = YES;
				INFOPLIST_FILE = MarujoMovieSearcher/Info.plist;
				INFOPLIST_KEY_UIApplicationSupportsIndirectInputEvents = YES;
				INFOPLIST_KEY_UILaunchStoryboardName = LaunchScreen;
				INFOPLIST_KEY_UISupportedInterfaceOrientations_iPad = "UIInterfaceOrientationPortrait UIInterfaceOrientationPortraitUpsideDown UIInterfaceOrientationLandscapeLeft UIInterfaceOrientationLandscapeRight";
				INFOPLIST_KEY_UISupportedInterfaceOrientations_iPhone = "UIInterfaceOrientationPortrait UIInterfaceOrientationLandscapeLeft UIInterfaceOrientationLandscapeRight";
				LD_RUNPATH_SEARCH_PATHS = (
					"$(inherited)",
					"@executable_path/Frameworks",
				);
				MARKETING_VERSION = 1.0;
				PRODUCT_BUNDLE_IDENTIFIER = br.com.chavesdaniel.MarujoMovieSearcher;
				PRODUCT_NAME = "$(TARGET_NAME)";
				SWIFT_EMIT_LOC_STRINGS = YES;
				SWIFT_VERSION = 5.0;
				TARGETED_DEVICE_FAMILY = 1;
			};
			name = Release;
		};
/* End XCBuildConfiguration section */

/* Begin XCConfigurationList section */
		65BFC22227CE7BCF00D5E99A /* Build configuration list for PBXProject "MarujoMovieSearcher" */ = {
			isa = XCConfigurationList;
			buildConfigurations = (
				65BFC23927CE7BD200D5E99A /* Debug */,
				65BFC23A27CE7BD200D5E99A /* Release */,
			);
			defaultConfigurationIsVisible = 0;
			defaultConfigurationName = Release;
		};
		65BFC23B27CE7BD200D5E99A /* Build configuration list for PBXNativeTarget "MarujoMovieSearcher" */ = {
			isa = XCConfigurationList;
			buildConfigurations = (
				65BFC23C27CE7BD200D5E99A /* Debug */,
				65BFC23D27CE7BD200D5E99A /* Release */,
			);
			defaultConfigurationIsVisible = 0;
			defaultConfigurationName = Release;
		};
/* End XCConfigurationList section */
	};
	rootObject = 65BFC21F27CE7BCF00D5E99A /* Project object */;
}
